
Microsoft Visual Studio Solution File, Format Version 12.00
# Visual Studio Version 17
VisualStudioVersion = 17.7.34202.233
MinimumVisualStudioVersion = 10.0.40219.1
Project("{FAE04EC0-301F-11D3-BF4B-00C04F79EFBC}") = "ProyectoClase2.Android", "ProyectoClase2\ProyectoClase2.Android\ProyectoClase2.Android.csproj", "{98E018C8-5C81-45A0-BA42-ABD1CE4C67A8}"
EndProject
Project("{FAE04EC0-301F-11D3-BF4B-00C04F79EFBC}") = "ProyectoClase2", "ProyectoClase2\ProyectoClase2\ProyectoClase2.csproj", "{6F1CFA26-9505-4379-83FC-4B0152B7FA2D}"
EndProject
Global
	GlobalSection(SolutionConfigurationPlatforms) = preSolution
		Debug|Any CPU = Debug|Any CPU
		Release|Any CPU = Release|Any CPU
	EndGlobalSection
	GlobalSection(ProjectConfigurationPlatforms) = postSolution
		{98E018C8-5C81-45A0-BA42-ABD1CE4C67A8}.Debug|Any CPU.ActiveCfg = Debug|Any CPU
		{98E018C8-5C81-45A0-BA42-ABD1CE4C67A8}.Debug|Any CPU.Build.0 = Debug|Any CPU
		{98E018C8-5C81-45A0-BA42-ABD1CE4C67A8}.Debug|Any CPU.Deploy.0 = Debug|Any CPU
		{98E018C8-5C81-45A0-BA42-ABD1CE4C67A8}.Release|Any CPU.ActiveCfg = Release|Any CPU
		{98E018C8-5C81-45A0-BA42-ABD1CE4C67A8}.Release|Any CPU.Build.0 = Release|Any CPU
		{98E018C8-5C81-45A0-BA42-ABD1CE4C67A8}.Release|Any CPU.Deploy.0 = Release|Any CPU
		{6F1CFA26-9505-4379-83FC-4B0152B7FA2D}.Debug|Any CPU.ActiveCfg = Debug|Any CPU
		{6F1CFA26-9505-4379-83FC-4B0152B7FA2D}.Debug|Any CPU.Build.0 = Debug|Any CPU
		{6F1CFA26-9505-4379-83FC-4B0152B7FA2D}.Debug|Any CPU.Deploy.0 = Debug|Any CPU
		{6F1CFA26-9505-4379-83FC-4B0152B7FA2D}.Release|Any CPU.ActiveCfg = Release|Any CPU
		{6F1CFA26-9505-4379-83FC-4B0152B7FA2D}.Release|Any CPU.Build.0 = Release|Any CPU
		{6F1CFA26-9505-4379-83FC-4B0152B7FA2D}.Release|Any CPU.Deploy.0 = Release|Any CPU
	EndGlobalSection
	GlobalSection(SolutionProperties) = preSolution
		HideSolutionNode = FALSE
	EndGlobalSection
	GlobalSection(ExtensibilityGlobals) = postSolution
		SolutionGuid = {7836FCD1-A217-4E8D-9226-D47507268714}
	EndGlobalSection
EndGlobal
